
Microsoft Visual Studio Solution File, Format Version 12.00
Project("{FAE04EC0-301F-11D3-BF4B-00C04F79EFBC}") = "CsharpLearning1", "CsharpLearning1\CsharpLearning1.csproj", "{0DB4FA8B-14AC-4550-B1DD-889274255AD8}"
EndProject
Global
	GlobalSection(SolutionConfigurationPlatforms) = preSolution
		Debug|Any CPU = Debug|Any CPU
		Release|Any CPU = Release|Any CPU
	EndGlobalSection
	GlobalSection(ProjectConfigurationPlatforms) = postSolution
		{0DB4FA8B-14AC-4550-B1DD-889274255AD8}.Debug|Any CPU.ActiveCfg = Debug|Any CPU
		{0DB4FA8B-14AC-4550-B1DD-889274255AD8}.Debug|Any CPU.Build.0 = Debug|Any CPU
		{0DB4FA8B-14AC-4550-B1DD-889274255AD8}.Release|Any CPU.ActiveCfg = Release|Any CPU
		{0DB4FA8B-14AC-4550-B1DD-889274255AD8}.Release|Any CPU.Build.0 = Release|Any CPU
	EndGlobalSection
EndGlobal
